
Microsoft Visual Studio Solution File, Format Version 12.00
# Visual Studio Version 17
VisualStudioVersion = 17.0.31903.59
MinimumVisualStudioVersion = 10.0.40219.1
Project("{FAE04EC0-301F-11D3-BF4B-00C04F79EFBC}") = "MainMenu", "MainMenu\MainMenu.csproj", "{B2E69D61-DDDB-4CD9-ABC4-24D856053FF9}"
EndProject
Project("{FAE04EC0-301F-11D3-BF4B-00C04F79EFBC}") = "SingleMenu", "SingleMenu\SingleMenu.csproj", "{D66B2CD8-256F-4EBB-8B56-568B99E76FA9}"
EndProject
Project("{FAE04EC0-301F-11D3-BF4B-00C04F79EFBC}") = "DictionaryMenu", "DictionaryMenu\DictionaryMenu.csproj", "{4DB39ECC-2D5F-4B16-AE0F-F84678A27AFC}"
EndProject
Project("{FAE04EC0-301F-11D3-BF4B-00C04F79EFBC}") = "MethodMenu", "MethodMenu\MethodMenu.csproj", "{14663CF8-54E0-4F65-82AE-6D5E65CBFF14}"
EndProject
Global
	GlobalSection(SolutionConfigurationPlatforms) = preSolution
		Debug|Any CPU = Debug|Any CPU
		Release|Any CPU = Release|Any CPU
	EndGlobalSection
	GlobalSection(SolutionProperties) = preSolution
		HideSolutionNode = FALSE
	EndGlobalSection
	GlobalSection(ProjectConfigurationPlatforms) = postSolution
		{B2E69D61-DDDB-4CD9-ABC4-24D856053FF9}.Debug|Any CPU.ActiveCfg = Debug|Any CPU
		{B2E69D61-DDDB-4CD9-ABC4-24D856053FF9}.Debug|Any CPU.Build.0 = Debug|Any CPU
		{B2E69D61-DDDB-4CD9-ABC4-24D856053FF9}.Release|Any CPU.ActiveCfg = Release|Any CPU
		{B2E69D61-DDDB-4CD9-ABC4-24D856053FF9}.Release|Any CPU.Build.0 = Release|Any CPU
		{D66B2CD8-256F-4EBB-8B56-568B99E76FA9}.Debug|Any CPU.ActiveCfg = Debug|Any CPU
		{D66B2CD8-256F-4EBB-8B56-568B99E76FA9}.Debug|Any CPU.Build.0 = Debug|Any CPU
		{D66B2CD8-256F-4EBB-8B56-568B99E76FA9}.Release|Any CPU.ActiveCfg = Release|Any CPU
		{D66B2CD8-256F-4EBB-8B56-568B99E76FA9}.Release|Any CPU.Build.0 = Release|Any CPU
		{4DB39ECC-2D5F-4B16-AE0F-F84678A27AFC}.Debug|Any CPU.ActiveCfg = Debug|Any CPU
		{4DB39ECC-2D5F-4B16-AE0F-F84678A27AFC}.Debug|Any CPU.Build.0 = Debug|Any CPU
		{4DB39ECC-2D5F-4B16-AE0F-F84678A27AFC}.Release|Any CPU.ActiveCfg = Release|Any CPU
		{4DB39ECC-2D5F-4B16-AE0F-F84678A27AFC}.Release|Any CPU.Build.0 = Release|Any CPU
		{14663CF8-54E0-4F65-82AE-6D5E65CBFF14}.Debug|Any CPU.ActiveCfg = Debug|Any CPU
		{14663CF8-54E0-4F65-82AE-6D5E65CBFF14}.Debug|Any CPU.Build.0 = Debug|Any CPU
		{14663CF8-54E0-4F65-82AE-6D5E65CBFF14}.Release|Any CPU.ActiveCfg = Release|Any CPU
		{14663CF8-54E0-4F65-82AE-6D5E65CBFF14}.Release|Any CPU.Build.0 = Release|Any CPU
	EndGlobalSection
EndGlobal
